
Microsoft Visual Studio Solution File, Format Version 12.00
# Visual Studio Version 16
VisualStudioVersion = 16.0.30907.101
MinimumVisualStudioVersion = 15.0.26124.0
Project("{9A19103F-16F7-4668-BE54-9A1E7A4F7556}") = "EPE.Application", "EPE.Application\EPE.Application.csproj", "{490127F5-050C-41F8-B171-012C750DDCCD}"
EndProject
Project("{9A19103F-16F7-4668-BE54-9A1E7A4F7556}") = "EPE.Domain", "EPE.Domain\EPE.Domain.csproj", "{19380080-78C1-4481-9099-202CF377BD2C}"
EndProject
Project("{9A19103F-16F7-4668-BE54-9A1E7A4F7556}") = "EPE.Database", "EPE.Database\EPE.Database.csproj", "{ADD185D2-A8CC-470E-BF9F-D9B5AEFB6603}"
EndProject
Project("{9A19103F-16F7-4668-BE54-9A1E7A4F7556}") = "EPE.UI", "EPE.UI\EPE.UI.csproj", "{7C178182-0E74-45DB-8A88-CEBE4C23913C}"
EndProject
Global
	GlobalSection(SolutionConfigurationPlatforms) = preSolution
		Debug|Any CPU = Debug|Any CPU
		Debug|x64 = Debug|x64
		Debug|x86 = Debug|x86
		Release|Any CPU = Release|Any CPU
		Release|x64 = Release|x64
		Release|x86 = Release|x86
	EndGlobalSection
	GlobalSection(ProjectConfigurationPlatforms) = postSolution
		{490127F5-050C-41F8-B171-012C750DDCCD}.Debug|Any CPU.ActiveCfg = Debug|Any CPU
		{490127F5-050C-41F8-B171-012C750DDCCD}.Debug|Any CPU.Build.0 = Debug|Any CPU
		{490127F5-050C-41F8-B171-012C750DDCCD}.Debug|x64.ActiveCfg = Debug|Any CPU
		{490127F5-050C-41F8-B171-012C750DDCCD}.Debug|x64.Build.0 = Debug|Any CPU
		{490127F5-050C-41F8-B171-012C750DDCCD}.Debug|x86.ActiveCfg = Debug|Any CPU
		{490127F5-050C-41F8-B171-012C750DDCCD}.Debug|x86.Build.0 = Debug|Any CPU
		{490127F5-050C-41F8-B171-012C750DDCCD}.Release|Any CPU.ActiveCfg = Release|Any CPU
		{490127F5-050C-41F8-B171-012C750DDCCD}.Release|Any CPU.Build.0 = Release|Any CPU
		{490127F5-050C-41F8-B171-012C750DDCCD}.Release|x64.ActiveCfg = Release|Any CPU
		{490127F5-050C-41F8-B171-012C750DDCCD}.Release|x64.Build.0 = Release|Any CPU
		{490127F5-050C-41F8-B171-012C750DDCCD}.Release|x86.ActiveCfg = Release|Any CPU
		{490127F5-050C-41F8-B171-012C750DDCCD}.Release|x86.Build.0 = Release|Any CPU
		{19380080-78C1-4481-9099-202CF377BD2C}.Debug|Any CPU.ActiveCfg = Debug|Any CPU
		{19380080-78C1-4481-9099-202CF377BD2C}.Debug|Any CPU.Build.0 = Debug|Any CPU
		{19380080-78C1-4481-9099-202CF377BD2C}.Debug|x64.ActiveCfg = Debug|Any CPU
		{19380080-78C1-4481-9099-202CF377BD2C}.Debug|x64.Build.0 = Debug|Any CPU
		{19380080-78C1-4481-9099-202CF377BD2C}.Debug|x86.ActiveCfg = Debug|Any CPU
		{19380080-78C1-4481-9099-202CF377BD2C}.Debug|x86.Build.0 = Debug|Any CPU
		{19380080-78C1-4481-9099-202CF377BD2C}.Release|Any CPU.ActiveCfg = Release|Any CPU
		{19380080-78C1-4481-9099-202CF377BD2C}.Release|Any CPU.Build.0 = Release|Any CPU
		{19380080-78C1-4481-9099-202CF377BD2C}.Release|x64.ActiveCfg = Release|Any CPU
		{19380080-78C1-4481-9099-202CF377BD2C}.Release|x64.Build.0 = Release|Any CPU
		{19380080-78C1-4481-9099-202CF377BD2C}.Release|x86.ActiveCfg = Release|Any CPU
		{19380080-78C1-4481-9099-202CF377BD2C}.Release|x86.Build.0 = Release|Any CPU
		{ADD185D2-A8CC-470E-BF9F-D9B5AEFB6603}.Debug|Any CPU.ActiveCfg = Debug|Any CPU
		{ADD185D2-A8CC-470E-BF9F-D9B5AEFB6603}.Debug|Any CPU.Build.0 = Debug|Any CPU
		{ADD185D2-A8CC-470E-BF9F-D9B5AEFB6603}.Debug|x64.ActiveCfg = Debug|Any CPU
		{ADD185D2-A8CC-470E-BF9F-D9B5AEFB6603}.Debug|x64.Build.0 = Debug|Any CPU
		{ADD185D2-A8CC-470E-BF9F-D9B5AEFB6603}.Debug|x86.ActiveCfg = Debug|Any CPU
		{ADD185D2-A8CC-470E-BF9F-D9B5AEFB6603}.Debug|x86.Build.0 = Debug|Any CPU
		{ADD185D2-A8CC-470E-BF9F-D9B5AEFB6603}.Release|Any CPU.ActiveCfg = Release|Any CPU
		{ADD185D2-A8CC-470E-BF9F-D9B5AEFB6603}.Release|Any CPU.Build.0 = Release|Any CPU
		{ADD185D2-A8CC-470E-BF9F-D9B5AEFB6603}.Release|x64.ActiveCfg = Release|Any CPU
		{ADD185D2-A8CC-470E-BF9F-D9B5AEFB6603}.Release|x64.Build.0 = Release|Any CPU
		{ADD185D2-A8CC-470E-BF9F-D9B5AEFB6603}.Release|x86.ActiveCfg = Release|Any CPU
		{ADD185D2-A8CC-470E-BF9F-D9B5AEFB6603}.Release|x86.Build.0 = Release|Any CPU
		{7C178182-0E74-45DB-8A88-CEBE4C23913C}.Debug|Any CPU.ActiveCfg = Debug|Any CPU
		{7C178182-0E74-45DB-8A88-CEBE4C23913C}.Debug|Any CPU.Build.0 = Debug|Any CPU
		{7C178182-0E74-45DB-8A88-CEBE4C23913C}.Debug|x64.ActiveCfg = Debug|Any CPU
		{7C178182-0E74-45DB-8A88-CEBE4C23913C}.Debug|x64.Build.0 = Debug|Any CPU
		{7C178182-0E74-45DB-8A88-CEBE4C23913C}.Debug|x86.ActiveCfg = Debug|Any CPU
		{7C178182-0E74-45DB-8A88-CEBE4C23913C}.Debug|x86.Build.0 = Debug|Any CPU
		{7C178182-0E74-45DB-8A88-CEBE4C23913C}.Release|Any CPU.ActiveCfg = Release|Any CPU
		{7C178182-0E74-45DB-8A88-CEBE4C23913C}.Release|Any CPU.Build.0 = Release|Any CPU
		{7C178182-0E74-45DB-8A88-CEBE4C23913C}.Release|x64.ActiveCfg = Release|Any CPU
		{7C178182-0E74-45DB-8A88-CEBE4C23913C}.Release|x64.Build.0 = Release|Any CPU
		{7C178182-0E74-45DB-8A88-CEBE4C23913C}.Release|x86.ActiveCfg = Release|Any CPU
		{7C178182-0E74-45DB-8A88-CEBE4C23913C}.Release|x86.Build.0 = Release|Any CPU
	EndGlobalSection
	GlobalSection(SolutionProperties) = preSolution
		HideSolutionNode = FALSE
	EndGlobalSection
	GlobalSection(ExtensibilityGlobals) = postSolution
		SolutionGuid = {B164CAF8-EAB2-4069-9B3D-6BDB8572E72F}
	EndGlobalSection
EndGlobal
